
Microsoft Visual Studio Solution File, Format Version 12.00
# Visual Studio 15
VisualStudioVersion = 15.0.28307.168
MinimumVisualStudioVersion = 10.0.40219.1
Project("{FAE04EC0-301F-11D3-BF4B-00C04F79EFBC}") = "RabbitMQSendMsg", "RabbitMQSendMsg\RabbitMQSendMsg.csproj", "{50B24D6F-B796-4221-997C-4F7601A61CA6}"
EndProject
Project("{FAE04EC0-301F-11D3-BF4B-00C04F79EFBC}") = "RabbitMQReceiveMsg", "RabbitMQReceiveMsg\RabbitMQReceiveMsg.csproj", "{1EC9DFE9-B05D-406F-9BAB-278361ACB220}"
EndProject
Global
	GlobalSection(SolutionConfigurationPlatforms) = preSolution
		Debug|Any CPU = Debug|Any CPU
		Release|Any CPU = Release|Any CPU
	EndGlobalSection
	GlobalSection(ProjectConfigurationPlatforms) = postSolution
		{50B24D6F-B796-4221-997C-4F7601A61CA6}.Debug|Any CPU.ActiveCfg = Debug|Any CPU
		{50B24D6F-B796-4221-997C-4F7601A61CA6}.Debug|Any CPU.Build.0 = Debug|Any CPU
		{50B24D6F-B796-4221-997C-4F7601A61CA6}.Release|Any CPU.ActiveCfg = Release|Any CPU
		{50B24D6F-B796-4221-997C-4F7601A61CA6}.Release|Any CPU.Build.0 = Release|Any CPU
		{1EC9DFE9-B05D-406F-9BAB-278361ACB220}.Debug|Any CPU.ActiveCfg = Debug|Any CPU
		{1EC9DFE9-B05D-406F-9BAB-278361ACB220}.Debug|Any CPU.Build.0 = Debug|Any CPU
		{1EC9DFE9-B05D-406F-9BAB-278361ACB220}.Release|Any CPU.ActiveCfg = Release|Any CPU
		{1EC9DFE9-B05D-406F-9BAB-278361ACB220}.Release|Any CPU.Build.0 = Release|Any CPU
	EndGlobalSection
	GlobalSection(SolutionProperties) = preSolution
		HideSolutionNode = FALSE
	EndGlobalSection
	GlobalSection(ExtensibilityGlobals) = postSolution
		SolutionGuid = {8E0DDA11-67AC-419F-AC5F-59E1991AEC54}
	EndGlobalSection
EndGlobal
